
Microsoft Visual Studio Solution File, Format Version 12.00
# Visual Studio Version 17
VisualStudioVersion = 17.2.32616.157
MinimumVisualStudioVersion = 10.0.40219.1
Project("{8BC9CEB8-8B4A-11D0-8D11-00A0C91BC942}") = "zelda3", "zelda3.vcxproj", "{5C608A79-A3AA-43A9-8B51-2462FD63A1B0}"
EndProject
Project("{8BC9CEB8-8B4A-11D0-8D11-00A0C91BC942}") = "SDL2-UWP", "third_party\SDL2\VisualC-WinRT\SDL-UWP.vcxproj", "{89E9B32E-A86A-47C3-A948-D2B1622925CE}"
EndProject
Global
	GlobalSection(SolutionConfigurationPlatforms) = preSolution
		Debug|ARM = Debug|ARM
		Debug|ARM64 = Debug|ARM64
		Debug|x64 = Debug|x64
		Debug|x86 = Debug|x86
		Release|ARM = Release|ARM
		Release|ARM64 = Release|ARM64
		Release|x64 = Release|x64
		Release|x86 = Release|x86
	EndGlobalSection
	GlobalSection(ProjectConfigurationPlatforms) = postSolution
		{5C608A79-A3AA-43A9-8B51-2462FD63A1B0}.Debug|ARM.ActiveCfg = Debug|ARM
		{5C608A79-A3AA-43A9-8B51-2462FD63A1B0}.Debug|ARM.Build.0 = Debug|ARM
		{5C608A79-A3AA-43A9-8B51-2462FD63A1B0}.Debug|ARM.Deploy.0 = Debug|ARM
		{5C608A79-A3AA-43A9-8B51-2462FD63A1B0}.Debug|ARM64.ActiveCfg = Debug|ARM64
		{5C608A79-A3AA-43A9-8B51-2462FD63A1B0}.Debug|ARM64.Build.0 = Debug|ARM64
		{5C608A79-A3AA-43A9-8B51-2462FD63A1B0}.Debug|ARM64.Deploy.0 = Debug|ARM64
		{5C608A79-A3AA-43A9-8B51-2462FD63A1B0}.Debug|x64.ActiveCfg = Debug|x64
		{5C608A79-A3AA-43A9-8B51-2462FD63A1B0}.Debug|x64.Build.0 = Debug|x64
		{5C608A79-A3AA-43A9-8B51-2462FD63A1B0}.Debug|x64.Deploy.0 = Debug|x64
		{5C608A79-A3AA-43A9-8B51-2462FD63A1B0}.Debug|x86.ActiveCfg = Debug|Win32
		{5C608A79-A3AA-43A9-8B51-2462FD63A1B0}.Debug|x86.Build.0 = Debug|Win32
		{5C608A79-A3AA-43A9-8B51-2462FD63A1B0}.Debug|x86.Deploy.0 = Debug|Win32
		{5C608A79-A3AA-43A9-8B51-2462FD63A1B0}.Release|ARM.ActiveCfg = Release|ARM
		{5C608A79-A3AA-43A9-8B51-2462FD63A1B0}.Release|ARM.Build.0 = Release|ARM
		{5C608A79-A3AA-43A9-8B51-2462FD63A1B0}.Release|ARM.Deploy.0 = Release|ARM
		{5C608A79-A3AA-43A9-8B51-2462FD63A1B0}.Release|ARM64.ActiveCfg = Release|ARM64
		{5C608A79-A3AA-43A9-8B51-2462FD63A1B0}.Release|ARM64.Build.0 = Release|ARM64
		{5C608A79-A3AA-43A9-8B51-2462FD63A1B0}.Release|ARM64.Deploy.0 = Release|ARM64
		{5C608A79-A3AA-43A9-8B51-2462FD63A1B0}.Release|x64.ActiveCfg = Release|x64
		{5C608A79-A3AA-43A9-8B51-2462FD63A1B0}.Release|x64.Build.0 = Release|x64
		{5C608A79-A3AA-43A9-8B51-2462FD63A1B0}.Release|x64.Deploy.0 = Release|x64
		{5C608A79-A3AA-43A9-8B51-2462FD63A1B0}.Release|x86.ActiveCfg = Release|Win32
		{5C608A79-A3AA-43A9-8B51-2462FD63A1B0}.Release|x86.Build.0 = Release|Win32
		{5C608A79-A3AA-43A9-8B51-2462FD63A1B0}.Release|x86.Deploy.0 = Release|Win32
		{89E9B32E-A86A-47C3-A948-D2B1622925CE}.Debug|ARM.ActiveCfg = Debug|ARM
		{89E9B32E-A86A-47C3-A948-D2B1622925CE}.Debug|ARM.Build.0 = Debug|ARM
		{89E9B32E-A86A-47C3-A948-D2B1622925CE}.Debug|ARM64.ActiveCfg = Debug|x64
		{89E9B32E-A86A-47C3-A948-D2B1622925CE}.Debug|ARM64.Build.0 = Debug|x64
		{89E9B32E-A86A-47C3-A948-D2B1622925CE}.Debug|x64.ActiveCfg = Debug|x64
		{89E9B32E-A86A-47C3-A948-D2B1622925CE}.Debug|x64.Build.0 = Debug|x64
		{89E9B32E-A86A-47C3-A948-D2B1622925CE}.Debug|x86.ActiveCfg = Debug|Win32
		{89E9B32E-A86A-47C3-A948-D2B1622925CE}.Debug|x86.Build.0 = Debug|Win32
		{89E9B32E-A86A-47C3-A948-D2B1622925CE}.Release|ARM.ActiveCfg = Release|ARM
		{89E9B32E-A86A-47C3-A948-D2B1622925CE}.Release|ARM.Build.0 = Release|ARM
		{89E9B32E-A86A-47C3-A948-D2B1622925CE}.Release|ARM64.ActiveCfg = Release|x64
		{89E9B32E-A86A-47C3-A948-D2B1622925CE}.Release|ARM64.Build.0 = Release|x64
		{89E9B32E-A86A-47C3-A948-D2B1622925CE}.Release|x64.ActiveCfg = Release|x64
		{89E9B32E-A86A-47C3-A948-D2B1622925CE}.Release|x64.Build.0 = Release|x64
		{89E9B32E-A86A-47C3-A948-D2B1622925CE}.Release|x86.ActiveCfg = Release|Win32
		{89E9B32E-A86A-47C3-A948-D2B1622925CE}.Release|x86.Build.0 = Release|Win32
	EndGlobalSection
	GlobalSection(SolutionProperties) = preSolution
		HideSolutionNode = FALSE
	EndGlobalSection
	GlobalSection(ExtensibilityGlobals) = postSolution
		SolutionGuid = {375093A8-E66C-43DC-9A20-36E90531DEBD}
	EndGlobalSection
EndGlobal
