<?xml version="1.0" encoding="utf-8"?>
<Project ToolsVersion="4.0" xmlns="http://schemas.microsoft.com/developer/msbuild/2003">
  <ItemGroup>
    <Filter Include="Assets">
      <UniqueIdentifier>6dca5b8f-eeff-43ec-8129-08591b52ca29</UniqueIdentifier>
      <Extensions>bmp;fbx;gif;jpg;jpeg;tga;tiff;tif;png</Extensions>
    </Filter>
    <Image Include="Assets\LockScreenLogo.scale-200.png">
      <Filter>Assets</Filter>
    </Image>
    <Image Include="Assets\SplashScreen.scale-200.png">
      <Filter>Assets</Filter>
    </Image>
    <Image Include="Assets\Square150x150Logo.scale-200.png">
      <Filter>Assets</Filter>
    </Image>
    <Image Include="Assets\Square44x44Logo.scale-200.png">
      <Filter>Assets</Filter>
    </Image>
    <Image Include="Assets\Square44x44Logo.targetsize-24_altform-unplated.png">
      <Filter>Assets</Filter>
    </Image>
    <Image Include="Assets\Wide310x150Logo.scale-200.png">
      <Filter>Assets</Filter>
    </Image>
    <Filter Include="snes">
      <UniqueIdentifier>{7fed5376-ef3d-4c09-a8b9-13f12979d13d}</UniqueIdentifier>
    </Filter>
  </ItemGroup>
  <ItemGroup>
    <AppxManifest Include="Package.appxmanifest" />
  </ItemGroup>
  <ItemGroup>
    <ClInclude Include="zelda_rtl.h" />
    <ClInclude Include="zelda_cpu_infra.h" />
    <ClInclude Include="variables.h" />
    <ClInclude Include="types.h" />
    <ClInclude Include="tile_detect.h" />
    <ClInclude Include="tagalong.h" />
    <ClInclude Include="sprite_main.h" />
    <ClInclude Include="sprite.h" />
    <ClInclude Include="spc_player.h" />
    <ClInclude Include="select_file.h" />
    <ClInclude Include="poly.h" />
    <ClInclude Include="player_oam.h" />
    <ClInclude Include="player.h" />
    <ClInclude Include="overworld.h" />
    <ClInclude Include="overlord.h" />
    <ClInclude Include="nmi.h" />
    <ClInclude Include="misc.h" />
    <ClInclude Include="messaging.h" />
    <ClInclude Include="load_gfx.h" />
    <ClInclude Include="hud.h" />
    <ClInclude Include="features.h" />
    <ClInclude Include="ending.h" />
    <ClInclude Include="dungeon.h" />
    <ClInclude Include="config.h" />
    <ClInclude Include="attract.h" />
    <ClInclude Include="assets.h" />
    <ClInclude Include="ancilla.h" />
    <ClInclude Include="snes\apu.h">
      <Filter>snes</Filter>
    </ClInclude>
    <ClInclude Include="snes\cart.h">
      <Filter>snes</Filter>
    </ClInclude>
    <ClInclude Include="snes\cpu.h">
      <Filter>snes</Filter>
    </ClInclude>
    <ClInclude Include="snes\dma.h">
      <Filter>snes</Filter>
    </ClInclude>
    <ClInclude Include="snes\dsp.h">
      <Filter>snes</Filter>
    </ClInclude>
    <ClInclude Include="snes\dsp_regs.h">
      <Filter>snes</Filter>
    </ClInclude>
    <ClInclude Include="snes\input.h">
      <Filter>snes</Filter>
    </ClInclude>
    <ClInclude Include="snes\ppu.h">
      <Filter>snes</Filter>
    </ClInclude>
    <ClInclude Include="snes\saveload.h">
      <Filter>snes</Filter>
    </ClInclude>
    <ClInclude Include="snes\snes.h">
      <Filter>snes</Filter>
    </ClInclude>
    <ClInclude Include="snes\snes_regs.h">
      <Filter>snes</Filter>
    </ClInclude>
    <ClInclude Include="snes\spc.h">
      <Filter>snes</Filter>
    </ClInclude>
    <ClInclude Include="snes\tracing.h">
      <Filter>snes</Filter>
    </ClInclude>
    <ClInclude Include="uwpfunc.h" />
  </ItemGroup>
  <ItemGroup>
    <ClCompile Include="zelda_rtl.c" />
    <ClCompile Include="zelda_cpu_infra.c" />
    <ClCompile Include="tile_detect.c" />
    <ClCompile Include="tagalong.c" />
    <ClCompile Include="sprite_main.c" />
    <ClCompile Include="sprite.c" />
    <ClCompile Include="spc_player.c" />
    <ClCompile Include="select_file.c" />
    <ClCompile Include="poly.c" />
    <ClCompile Include="player_oam.c" />
    <ClCompile Include="player.c" />
    <ClCompile Include="overworld.c" />
    <ClCompile Include="overlord.c" />
    <ClCompile Include="nmi.c" />
    <ClCompile Include="misc.c" />
    <ClCompile Include="messaging.c" />
    <ClCompile Include="main.c" />
    <ClCompile Include="load_gfx.c" />
    <ClCompile Include="hud.c" />
    <ClCompile Include="ending.c" />
    <ClCompile Include="dungeon.c" />
    <ClCompile Include="config.c" />
    <ClCompile Include="attract.c" />
    <ClCompile Include="ancilla.c" />
    <ClCompile Include="snes\apu.c">
      <Filter>snes</Filter>
    </ClCompile>
    <ClCompile Include="snes\cart.c">
      <Filter>snes</Filter>
    </ClCompile>
    <ClCompile Include="snes\cpu.c">
      <Filter>snes</Filter>
    </ClCompile>
    <ClCompile Include="snes\dma.c">
      <Filter>snes</Filter>
    </ClCompile>
    <ClCompile Include="snes\dsp.c">
      <Filter>snes</Filter>
    </ClCompile>
    <ClCompile Include="snes\input.c">
      <Filter>snes</Filter>
    </ClCompile>
    <ClCompile Include="snes\ppu.c">
      <Filter>snes</Filter>
    </ClCompile>
    <ClCompile Include="snes\snes.c">
      <Filter>snes</Filter>
    </ClCompile>
    <ClCompile Include="snes\snes_other.c">
      <Filter>snes</Filter>
    </ClCompile>
    <ClCompile Include="snes\spc.c">
      <Filter>snes</Filter>
    </ClCompile>
    <ClCompile Include="snes\tracing.c">
      <Filter>snes</Filter>
    </ClCompile>
    <ClCompile Include="SDL_winrt_main_NonXAML.cpp" />
    <ClCompile Include="uwpfunc.cpp" />
  </ItemGroup>
  <ItemGroup>
    <ResourceCompile Include="SDL2-WinRTResources.rc" />
  </ItemGroup>
  <ItemGroup>
    <None Include="SDL2-WinRTResource_BlankCursor.cur" />
    <None Include="zelda3_TemporaryKey.pfx" />
  </ItemGroup>
  <ItemGroup>
    <Image Include="Assets\SmallTile.scale-100.png">
      <Filter>Assets</Filter>
    </Image>
    <Image Include="Assets\SmallTile.scale-125.png">
      <Filter>Assets</Filter>
    </Image>
    <Image Include="Assets\SmallTile.scale-150.png">
      <Filter>Assets</Filter>
    </Image>
    <Image Include="Assets\SmallTile.scale-200.png">
      <Filter>Assets</Filter>
    </Image>
    <Image Include="Assets\SmallTile.scale-400.png">
      <Filter>Assets</Filter>
    </Image>
    <Image Include="Assets\Square150x150Logo.scale-100.png">
      <Filter>Assets</Filter>
    </Image>
    <Image Include="Assets\Square150x150Logo.scale-125.png">
      <Filter>Assets</Filter>
    </Image>
    <Image Include="Assets\Square150x150Logo.scale-150.png">
      <Filter>Assets</Filter>
    </Image>
    <Image Include="Assets\Square150x150Logo.scale-400.png">
      <Filter>Assets</Filter>
    </Image>
    <Image Include="Assets\Wide310x150Logo.scale-100.png">
      <Filter>Assets</Filter>
    </Image>
    <Image Include="Assets\Wide310x150Logo.scale-125.png">
      <Filter>Assets</Filter>
    </Image>
    <Image Include="Assets\Wide310x150Logo.scale-150.png">
      <Filter>Assets</Filter>
    </Image>
    <Image Include="Assets\Wide310x150Logo.scale-400.png">
      <Filter>Assets</Filter>
    </Image>
    <Image Include="Assets\LargeTile.scale-100.png">
      <Filter>Assets</Filter>
    </Image>
    <Image Include="Assets\LargeTile.scale-125.png">
      <Filter>Assets</Filter>
    </Image>
    <Image Include="Assets\LargeTile.scale-150.png">
      <Filter>Assets</Filter>
    </Image>
    <Image Include="Assets\LargeTile.scale-200.png">
      <Filter>Assets</Filter>
    </Image>
    <Image Include="Assets\LargeTile.scale-400.png">
      <Filter>Assets</Filter>
    </Image>
    <Image Include="Assets\Square44x44Logo.scale-100.png">
      <Filter>Assets</Filter>
    </Image>
    <Image Include="Assets\Square44x44Logo.scale-125.png">
      <Filter>Assets</Filter>
    </Image>
    <Image Include="Assets\Square44x44Logo.scale-150.png">
      <Filter>Assets</Filter>
    </Image>
    <Image Include="Assets\Square44x44Logo.scale-400.png">
      <Filter>Assets</Filter>
    </Image>
    <Image Include="Assets\Square44x44Logo.targetsize-16.png">
      <Filter>Assets</Filter>
    </Image>
    <Image Include="Assets\Square44x44Logo.targetsize-24.png">
      <Filter>Assets</Filter>
    </Image>
    <Image Include="Assets\Square44x44Logo.targetsize-32.png">
      <Filter>Assets</Filter>
    </Image>
    <Image Include="Assets\Square44x44Logo.targetsize-48.png">
      <Filter>Assets</Filter>
    </Image>
    <Image Include="Assets\Square44x44Logo.targetsize-256.png">
      <Filter>Assets</Filter>
    </Image>
    <Image Include="Assets\Square44x44Logo.altform-unplated_targetsize-16.png">
      <Filter>Assets</Filter>
    </Image>
    <Image Include="Assets\Square44x44Logo.altform-unplated_targetsize-32.png">
      <Filter>Assets</Filter>
    </Image>
    <Image Include="Assets\Square44x44Logo.altform-unplated_targetsize-48.png">
      <Filter>Assets</Filter>
    </Image>
    <Image Include="Assets\Square44x44Logo.altform-unplated_targetsize-256.png">
      <Filter>Assets</Filter>
    </Image>
    <Image Include="Assets\Square44x44Logo.altform-lightunplated_targetsize-16.png">
      <Filter>Assets</Filter>
    </Image>
    <Image Include="Assets\Square44x44Logo.altform-lightunplated_targetsize-24.png">
      <Filter>Assets</Filter>
    </Image>
    <Image Include="Assets\Square44x44Logo.altform-lightunplated_targetsize-32.png">
      <Filter>Assets</Filter>
    </Image>
    <Image Include="Assets\Square44x44Logo.altform-lightunplated_targetsize-48.png">
      <Filter>Assets</Filter>
    </Image>
    <Image Include="Assets\Square44x44Logo.altform-lightunplated_targetsize-256.png">
      <Filter>Assets</Filter>
    </Image>
    <Image Include="Assets\SplashScreen.scale-100.png">
      <Filter>Assets</Filter>
    </Image>
    <Image Include="Assets\SplashScreen.scale-125.png">
      <Filter>Assets</Filter>
    </Image>
    <Image Include="Assets\SplashScreen.scale-150.png">
      <Filter>Assets</Filter>
    </Image>
    <Image Include="Assets\SplashScreen.scale-400.png">
      <Filter>Assets</Filter>
    </Image>
    <Image Include="Assets\StoreLogo.scale-100.png">
      <Filter>Assets</Filter>
    </Image>
    <Image Include="Assets\StoreLogo.scale-125.png">
      <Filter>Assets</Filter>
    </Image>
    <Image Include="Assets\StoreLogo.scale-150.png">
      <Filter>Assets</Filter>
    </Image>
    <Image Include="Assets\StoreLogo.scale-200.png">
      <Filter>Assets</Filter>
    </Image>
    <Image Include="Assets\StoreLogo.scale-400.png">
      <Filter>Assets</Filter>
    </Image>
  </ItemGroup>
</Project>